
Microsoft Visual Studio Solution File, Format Version 12.00
# Visual Studio 15
Project("{FAE04EC0-301F-11D3-BF4B-00C04F79EFBC}") = "bankLedger.Web", "bankLedger.Web\bankLedger.Web.csproj", "{131F3A39-A53E-4D13-B22D-AB4EFC6342E3}"
EndProject
Project("{FAE04EC0-301F-11D3-BF4B-00C04F79EFBC}") = "bankLedger.Models", "bankLedger.Model\bankLedger.Models.csproj", "{90E21F5F-5057-4977-91B2-3ED6DD385B97}"
EndProject
Project("{FAE04EC0-301F-11D3-BF4B-00C04F79EFBC}") = "bankLedger.Data", "bankLedger.Data\bankLedger.Data.csproj", "{E717C80D-4ED5-4E74-91A5-D1324B715F50}"
EndProject
Global
	GlobalSection(SolutionConfigurationPlatforms) = preSolution
		Debug|Any CPU = Debug|Any CPU
		Release|Any CPU = Release|Any CPU
	EndGlobalSection
	GlobalSection(ProjectConfigurationPlatforms) = postSolution
		{131F3A39-A53E-4D13-B22D-AB4EFC6342E3}.Debug|Any CPU.ActiveCfg = Debug|Any CPU
		{131F3A39-A53E-4D13-B22D-AB4EFC6342E3}.Debug|Any CPU.Build.0 = Debug|Any CPU
		{131F3A39-A53E-4D13-B22D-AB4EFC6342E3}.Release|Any CPU.ActiveCfg = Release|Any CPU
		{131F3A39-A53E-4D13-B22D-AB4EFC6342E3}.Release|Any CPU.Build.0 = Release|Any CPU
		{90E21F5F-5057-4977-91B2-3ED6DD385B97}.Debug|Any CPU.ActiveCfg = Debug|Any CPU
		{90E21F5F-5057-4977-91B2-3ED6DD385B97}.Debug|Any CPU.Build.0 = Debug|Any CPU
		{90E21F5F-5057-4977-91B2-3ED6DD385B97}.Release|Any CPU.ActiveCfg = Release|Any CPU
		{90E21F5F-5057-4977-91B2-3ED6DD385B97}.Release|Any CPU.Build.0 = Release|Any CPU
		{E717C80D-4ED5-4E74-91A5-D1324B715F50}.Debug|Any CPU.ActiveCfg = Debug|Any CPU
		{E717C80D-4ED5-4E74-91A5-D1324B715F50}.Debug|Any CPU.Build.0 = Debug|Any CPU
		{E717C80D-4ED5-4E74-91A5-D1324B715F50}.Release|Any CPU.ActiveCfg = Release|Any CPU
		{E717C80D-4ED5-4E74-91A5-D1324B715F50}.Release|Any CPU.Build.0 = Release|Any CPU
	EndGlobalSection
EndGlobal
