Microsoft Visual Studio Solution File, Format Version 12.00
# Visual Studio 15
VisualStudioVersion = 15.0.27428.2002
MinimumVisualStudioVersion = 10.0.40219.1
Project("{FAE04EC0-301F-11D3-BF4B-00C04F79EFBC}") = "bankLedger.Web", "bankLedger.Web\bankLedger.Web.csproj", "{131F3A39-A53E-4D13-B22D-AB4EFC6342E3}"
EndProject
Project("{FAE04EC0-301F-11D3-BF4B-00C04F79EFBC}") = "bankLedger.Data", "bankLedger.Data\bankLedger.Data.csproj", "{E717C80D-4ED5-4E74-91A5-D1324B715F50}"
EndProject
Project("{FAE04EC0-301F-11D3-BF4B-00C04F79EFBC}") = "bankLedger.Data.Tests", "bankLedger.Data.Tests\bankLedger.Data.Tests.csproj", "{A003C0DC-EBDB-4F60-AED7-085C75280120}"
EndProject
Project("{FAE04EC0-301F-11D3-BF4B-00C04F79EFBC}") = "bankLedger.Web.Tests", "bankLedger.Web.Tests\bankLedger.Web.Tests.csproj", "{784414C9-F3C0-420E-ACEC-165C7469671B}"
EndProject
Project("{FAE04EC0-301F-11D3-BF4B-00C04F79EFBC}") = "bankLedger.Models", "bankLedger.Models\bankLedger.Models.csproj", "{BFFCD43C-2248-4805-9998-BDC1D01E0565}"
EndProject
Global
	GlobalSection(SolutionConfigurationPlatforms) = preSolution
		Debug|Any CPU = Debug|Any CPU
		Release|Any CPU = Release|Any CPU
	EndGlobalSection
	GlobalSection(ProjectConfigurationPlatforms) = postSolution
		{131F3A39-A53E-4D13-B22D-AB4EFC6342E3}.Debug|Any CPU.ActiveCfg = Debug|Any CPU
		{131F3A39-A53E-4D13-B22D-AB4EFC6342E3}.Debug|Any CPU.Build.0 = Debug|Any CPU
		{131F3A39-A53E-4D13-B22D-AB4EFC6342E3}.Release|Any CPU.ActiveCfg = Release|Any CPU
		{131F3A39-A53E-4D13-B22D-AB4EFC6342E3}.Release|Any CPU.Build.0 = Release|Any CPU
		{E717C80D-4ED5-4E74-91A5-D1324B715F50}.Debug|Any CPU.ActiveCfg = Debug|Any CPU
		{E717C80D-4ED5-4E74-91A5-D1324B715F50}.Debug|Any CPU.Build.0 = Debug|Any CPU
		{E717C80D-4ED5-4E74-91A5-D1324B715F50}.Release|Any CPU.ActiveCfg = Release|Any CPU
		{E717C80D-4ED5-4E74-91A5-D1324B715F50}.Release|Any CPU.Build.0 = Release|Any CPU
		{A003C0DC-EBDB-4F60-AED7-085C75280120}.Debug|Any CPU.ActiveCfg = Debug|Any CPU
		{A003C0DC-EBDB-4F60-AED7-085C75280120}.Debug|Any CPU.Build.0 = Debug|Any CPU
		{A003C0DC-EBDB-4F60-AED7-085C75280120}.Release|Any CPU.ActiveCfg = Release|Any CPU
		{A003C0DC-EBDB-4F60-AED7-085C75280120}.Release|Any CPU.Build.0 = Release|Any CPU
		{784414C9-F3C0-420E-ACEC-165C7469671B}.Debug|Any CPU.ActiveCfg = Debug|Any CPU
		{784414C9-F3C0-420E-ACEC-165C7469671B}.Debug|Any CPU.Build.0 = Debug|Any CPU
		{784414C9-F3C0-420E-ACEC-165C7469671B}.Release|Any CPU.ActiveCfg = Release|Any CPU
		{784414C9-F3C0-420E-ACEC-165C7469671B}.Release|Any CPU.Build.0 = Release|Any CPU
		{BFFCD43C-2248-4805-9998-BDC1D01E0565}.Debug|Any CPU.ActiveCfg = Debug|Any CPU
		{BFFCD43C-2248-4805-9998-BDC1D01E0565}.Debug|Any CPU.Build.0 = Debug|Any CPU
		{BFFCD43C-2248-4805-9998-BDC1D01E0565}.Release|Any CPU.ActiveCfg = Release|Any CPU
		{BFFCD43C-2248-4805-9998-BDC1D01E0565}.Release|Any CPU.Build.0 = Release|Any CPU
	EndGlobalSection
	GlobalSection(SolutionProperties) = preSolution
		HideSolutionNode = FALSE
	EndGlobalSection
	GlobalSection(ExtensibilityGlobals) = postSolution
		SolutionGuid = {945CDE96-3C3A-4585-899D-D8A8E2CCC87E}
	EndGlobalSection
EndGlobal
